
Microsoft Visual Studio Solution File, Format Version 12.00
# Visual Studio Version 16
VisualStudioVersion = 16.0.29613.14
MinimumVisualStudioVersion = 10.0.40219.1
Project("{FAE04EC0-301F-11D3-BF4B-00C04F79EFBC}") = "TrainingSystem", "TrainingSystem\TrainingSystem.csproj", "{6F8AD9D6-3497-465E-9DE0-AB3D6F6000CA}"
EndProject
Global
	GlobalSection(SolutionConfigurationPlatforms) = preSolution
		Debug|Any CPU = Debug|Any CPU
		Release|Any CPU = Release|Any CPU
	EndGlobalSection
	GlobalSection(ProjectConfigurationPlatforms) = postSolution
		{6F8AD9D6-3497-465E-9DE0-AB3D6F6000CA}.Debug|Any CPU.ActiveCfg = Debug|Any CPU
		{6F8AD9D6-3497-465E-9DE0-AB3D6F6000CA}.Debug|Any CPU.Build.0 = Debug|Any CPU
		{6F8AD9D6-3497-465E-9DE0-AB3D6F6000CA}.Release|Any CPU.ActiveCfg = Release|Any CPU
		{6F8AD9D6-3497-465E-9DE0-AB3D6F6000CA}.Release|Any CPU.Build.0 = Release|Any CPU
	EndGlobalSection
	GlobalSection(SolutionProperties) = preSolution
		HideSolutionNode = FALSE
	EndGlobalSection
	GlobalSection(ExtensibilityGlobals) = postSolution
		SolutionGuid = {BF615930-C87B-4E80-A373-F1C698EA8B8B}
	EndGlobalSection
EndGlobal
